
Microsoft Visual Studio Solution File, Format Version 12.00
# Visual Studio Version 17
VisualStudioVersion = 17.10.35013.160
MinimumVisualStudioVersion = 10.0.40219.1
Project("{FAE04EC0-301F-11D3-BF4B-00C04F79EFBC}") = "UsandoLINQ_FromWhereSelect", "UsandoLINQ_FromWhereSelect\UsandoLINQ_FromWhereSelect.csproj", "{2E7D4710-2797-48FC-A7FC-673CC85A945B}"
EndProject
Global
	GlobalSection(SolutionConfigurationPlatforms) = preSolution
		Debug|Any CPU = Debug|Any CPU
		Release|Any CPU = Release|Any CPU
	EndGlobalSection
	GlobalSection(ProjectConfigurationPlatforms) = postSolution
		{2E7D4710-2797-48FC-A7FC-673CC85A945B}.Debug|Any CPU.ActiveCfg = Debug|Any CPU
		{2E7D4710-2797-48FC-A7FC-673CC85A945B}.Debug|Any CPU.Build.0 = Debug|Any CPU
		{2E7D4710-2797-48FC-A7FC-673CC85A945B}.Release|Any CPU.ActiveCfg = Release|Any CPU
		{2E7D4710-2797-48FC-A7FC-673CC85A945B}.Release|Any CPU.Build.0 = Release|Any CPU
	EndGlobalSection
	GlobalSection(SolutionProperties) = preSolution
		HideSolutionNode = FALSE
	EndGlobalSection
	GlobalSection(ExtensibilityGlobals) = postSolution
		SolutionGuid = {6EC07527-D80A-4A09-948C-C2F6B57C83E8}
	EndGlobalSection
EndGlobal
